
Microsoft Visual Studio Solution File, Format Version 12.00
# Visual Studio Version 17
VisualStudioVersion = 17.14.36408.4 d17.14
MinimumVisualStudioVersion = 10.0.40219.1
Project("{FAE04EC0-301F-11D3-BF4B-00C04F79EFBC}") = "POS_Application", "POS_Application\POS_Application.csproj", "{AB7272FA-D109-4F29-ADE0-0734A4B49532}"
EndProject
Global
	GlobalSection(SolutionConfigurationPlatforms) = preSolution
		Debug|Any CPU = Debug|Any CPU
		Release|Any CPU = Release|Any CPU
	EndGlobalSection
	GlobalSection(ProjectConfigurationPlatforms) = postSolution
		{AB7272FA-D109-4F29-ADE0-0734A4B49532}.Debug|Any CPU.ActiveCfg = Debug|Any CPU
		{AB7272FA-D109-4F29-ADE0-0734A4B49532}.Debug|Any CPU.Build.0 = Debug|Any CPU
		{AB7272FA-D109-4F29-ADE0-0734A4B49532}.Release|Any CPU.ActiveCfg = Release|Any CPU
		{AB7272FA-D109-4F29-ADE0-0734A4B49532}.Release|Any CPU.Build.0 = Release|Any CPU
	EndGlobalSection
	GlobalSection(SolutionProperties) = preSolution
		HideSolutionNode = FALSE
	EndGlobalSection
	GlobalSection(ExtensibilityGlobals) = postSolution
		SolutionGuid = {E50C4775-B93D-43F4-AD43-A95194847EFB}
	EndGlobalSection
EndGlobal
