
Microsoft Visual Studio Solution File, Format Version 12.00
# Visual Studio Version 17
VisualStudioVersion = 17.14.36310.24 d17.14
MinimumVisualStudioVersion = 10.0.40219.1
Project("{FAE04EC0-301F-11D3-BF4B-00C04F79EFBC}") = "activity2", "activity2\activity2.csproj", "{CA4A6190-3F41-45BE-B7ED-8A98717A6D07}"
EndProject
Global
	GlobalSection(SolutionConfigurationPlatforms) = preSolution
		Debug|Any CPU = Debug|Any CPU
		Release|Any CPU = Release|Any CPU
	EndGlobalSection
	GlobalSection(ProjectConfigurationPlatforms) = postSolution
		{CA4A6190-3F41-45BE-B7ED-8A98717A6D07}.Debug|Any CPU.ActiveCfg = Debug|Any CPU
		{CA4A6190-3F41-45BE-B7ED-8A98717A6D07}.Debug|Any CPU.Build.0 = Debug|Any CPU
		{CA4A6190-3F41-45BE-B7ED-8A98717A6D07}.Release|Any CPU.ActiveCfg = Release|Any CPU
		{CA4A6190-3F41-45BE-B7ED-8A98717A6D07}.Release|Any CPU.Build.0 = Release|Any CPU
	EndGlobalSection
	GlobalSection(SolutionProperties) = preSolution
		HideSolutionNode = FALSE
	EndGlobalSection
	GlobalSection(ExtensibilityGlobals) = postSolution
		SolutionGuid = {2E822A48-9998-4714-BBB1-7285017D6D9D}
	EndGlobalSection
EndGlobal
